
Microsoft Visual Studio Solution File, Format Version 12.00
# Visual Studio Version 16
VisualStudioVersion = 16.0.31019.35
MinimumVisualStudioVersion = 10.0.40219.1
Project("{9A19103F-16F7-4668-BE54-9A1E7A4F7556}") = "Bai1", "Bai1\Bai1.csproj", "{DE6656B3-1B0E-4B5C-A51F-D390FACF1168}"
EndProject
Project("{9A19103F-16F7-4668-BE54-9A1E7A4F7556}") = "Bai3", "Bai3\Bai3.csproj", "{9E5B85A9-5BF9-44C2-9601-57DD0989FDCB}"
EndProject
Project("{9A19103F-16F7-4668-BE54-9A1E7A4F7556}") = "Bai2", "Bai2\Bai2.csproj", "{6A031A13-9C26-4001-BAC7-E73A113201F7}"
EndProject
Project("{9A19103F-16F7-4668-BE54-9A1E7A4F7556}") = "TestBai4", "TestBai4\TestBai4.csproj", "{FCE783E5-498D-4316-858F-5C2D46830A31}"
EndProject
Project("{FAE04EC0-301F-11D3-BF4B-00C04F79EFBC}") = "test", "test\test.csproj", "{3C5A9C7A-EA3E-4412-A353-D8E51D2ABCB2}"
EndProject
Project("{9A19103F-16F7-4668-BE54-9A1E7A4F7556}") = "Bai5", "Bai5\Bai5.csproj", "{4D9C6A57-F4A1-4733-8883-E16B72CB5EB8}"
EndProject
Project("{9A19103F-16F7-4668-BE54-9A1E7A4F7556}") = "Mang1Chieu", "Mang1Chieu\Mang1Chieu.csproj", "{CCF6813B-1610-4859-9C4A-33DDD66D7525}"
EndProject
Project("{FAE04EC0-301F-11D3-BF4B-00C04F79EFBC}") = "ChuyenTien", "ChuyenTien\ChuyenTien.csproj", "{160DE648-15A0-4DFE-9E4F-A8610F970480}"
EndProject
Global
	GlobalSection(SolutionConfigurationPlatforms) = preSolution
		Debug|Any CPU = Debug|Any CPU
		Debug|x64 = Debug|x64
		Debug|x86 = Debug|x86
		Release|Any CPU = Release|Any CPU
		Release|x64 = Release|x64
		Release|x86 = Release|x86
	EndGlobalSection
	GlobalSection(ProjectConfigurationPlatforms) = postSolution
		{DE6656B3-1B0E-4B5C-A51F-D390FACF1168}.Debug|Any CPU.ActiveCfg = Debug|Any CPU
		{DE6656B3-1B0E-4B5C-A51F-D390FACF1168}.Debug|Any CPU.Build.0 = Debug|Any CPU
		{DE6656B3-1B0E-4B5C-A51F-D390FACF1168}.Debug|x64.ActiveCfg = Debug|Any CPU
		{DE6656B3-1B0E-4B5C-A51F-D390FACF1168}.Debug|x64.Build.0 = Debug|Any CPU
		{DE6656B3-1B0E-4B5C-A51F-D390FACF1168}.Debug|x86.ActiveCfg = Debug|Any CPU
		{DE6656B3-1B0E-4B5C-A51F-D390FACF1168}.Debug|x86.Build.0 = Debug|Any CPU
		{DE6656B3-1B0E-4B5C-A51F-D390FACF1168}.Release|Any CPU.ActiveCfg = Release|Any CPU
		{DE6656B3-1B0E-4B5C-A51F-D390FACF1168}.Release|Any CPU.Build.0 = Release|Any CPU
		{DE6656B3-1B0E-4B5C-A51F-D390FACF1168}.Release|x64.ActiveCfg = Release|Any CPU
		{DE6656B3-1B0E-4B5C-A51F-D390FACF1168}.Release|x64.Build.0 = Release|Any CPU
		{DE6656B3-1B0E-4B5C-A51F-D390FACF1168}.Release|x86.ActiveCfg = Release|Any CPU
		{DE6656B3-1B0E-4B5C-A51F-D390FACF1168}.Release|x86.Build.0 = Release|Any CPU
		{9E5B85A9-5BF9-44C2-9601-57DD0989FDCB}.Debug|Any CPU.ActiveCfg = Debug|Any CPU
		{9E5B85A9-5BF9-44C2-9601-57DD0989FDCB}.Debug|Any CPU.Build.0 = Debug|Any CPU
		{9E5B85A9-5BF9-44C2-9601-57DD0989FDCB}.Debug|x64.ActiveCfg = Debug|Any CPU
		{9E5B85A9-5BF9-44C2-9601-57DD0989FDCB}.Debug|x64.Build.0 = Debug|Any CPU
		{9E5B85A9-5BF9-44C2-9601-57DD0989FDCB}.Debug|x86.ActiveCfg = Debug|Any CPU
		{9E5B85A9-5BF9-44C2-9601-57DD0989FDCB}.Debug|x86.Build.0 = Debug|Any CPU
		{9E5B85A9-5BF9-44C2-9601-57DD0989FDCB}.Release|Any CPU.ActiveCfg = Release|Any CPU
		{9E5B85A9-5BF9-44C2-9601-57DD0989FDCB}.Release|Any CPU.Build.0 = Release|Any CPU
		{9E5B85A9-5BF9-44C2-9601-57DD0989FDCB}.Release|x64.ActiveCfg = Release|Any CPU
		{9E5B85A9-5BF9-44C2-9601-57DD0989FDCB}.Release|x64.Build.0 = Release|Any CPU
		{9E5B85A9-5BF9-44C2-9601-57DD0989FDCB}.Release|x86.ActiveCfg = Release|Any CPU
		{9E5B85A9-5BF9-44C2-9601-57DD0989FDCB}.Release|x86.Build.0 = Release|Any CPU
		{6A031A13-9C26-4001-BAC7-E73A113201F7}.Debug|Any CPU.ActiveCfg = Debug|Any CPU
		{6A031A13-9C26-4001-BAC7-E73A113201F7}.Debug|Any CPU.Build.0 = Debug|Any CPU
		{6A031A13-9C26-4001-BAC7-E73A113201F7}.Debug|x64.ActiveCfg = Debug|Any CPU
		{6A031A13-9C26-4001-BAC7-E73A113201F7}.Debug|x64.Build.0 = Debug|Any CPU
		{6A031A13-9C26-4001-BAC7-E73A113201F7}.Debug|x86.ActiveCfg = Debug|Any CPU
		{6A031A13-9C26-4001-BAC7-E73A113201F7}.Debug|x86.Build.0 = Debug|Any CPU
		{6A031A13-9C26-4001-BAC7-E73A113201F7}.Release|Any CPU.ActiveCfg = Release|Any CPU
		{6A031A13-9C26-4001-BAC7-E73A113201F7}.Release|Any CPU.Build.0 = Release|Any CPU
		{6A031A13-9C26-4001-BAC7-E73A113201F7}.Release|x64.ActiveCfg = Release|Any CPU
		{6A031A13-9C26-4001-BAC7-E73A113201F7}.Release|x64.Build.0 = Release|Any CPU
		{6A031A13-9C26-4001-BAC7-E73A113201F7}.Release|x86.ActiveCfg = Release|Any CPU
		{6A031A13-9C26-4001-BAC7-E73A113201F7}.Release|x86.Build.0 = Release|Any CPU
		{FCE783E5-498D-4316-858F-5C2D46830A31}.Debug|Any CPU.ActiveCfg = Debug|Any CPU
		{FCE783E5-498D-4316-858F-5C2D46830A31}.Debug|Any CPU.Build.0 = Debug|Any CPU
		{FCE783E5-498D-4316-858F-5C2D46830A31}.Debug|x64.ActiveCfg = Debug|Any CPU
		{FCE783E5-498D-4316-858F-5C2D46830A31}.Debug|x64.Build.0 = Debug|Any CPU
		{FCE783E5-498D-4316-858F-5C2D46830A31}.Debug|x86.ActiveCfg = Debug|Any CPU
		{FCE783E5-498D-4316-858F-5C2D46830A31}.Debug|x86.Build.0 = Debug|Any CPU
		{FCE783E5-498D-4316-858F-5C2D46830A31}.Release|Any CPU.ActiveCfg = Release|Any CPU
		{FCE783E5-498D-4316-858F-5C2D46830A31}.Release|Any CPU.Build.0 = Release|Any CPU
		{FCE783E5-498D-4316-858F-5C2D46830A31}.Release|x64.ActiveCfg = Release|Any CPU
		{FCE783E5-498D-4316-858F-5C2D46830A31}.Release|x64.Build.0 = Release|Any CPU
		{FCE783E5-498D-4316-858F-5C2D46830A31}.Release|x86.ActiveCfg = Release|Any CPU
		{FCE783E5-498D-4316-858F-5C2D46830A31}.Release|x86.Build.0 = Release|Any CPU
		{3C5A9C7A-EA3E-4412-A353-D8E51D2ABCB2}.Debug|Any CPU.ActiveCfg = Debug|Any CPU
		{3C5A9C7A-EA3E-4412-A353-D8E51D2ABCB2}.Debug|Any CPU.Build.0 = Debug|Any CPU
		{3C5A9C7A-EA3E-4412-A353-D8E51D2ABCB2}.Debug|x64.ActiveCfg = Debug|Any CPU
		{3C5A9C7A-EA3E-4412-A353-D8E51D2ABCB2}.Debug|x86.ActiveCfg = Debug|Any CPU
		{3C5A9C7A-EA3E-4412-A353-D8E51D2ABCB2}.Release|Any CPU.ActiveCfg = Release|Any CPU
		{3C5A9C7A-EA3E-4412-A353-D8E51D2ABCB2}.Release|Any CPU.Build.0 = Release|Any CPU
		{3C5A9C7A-EA3E-4412-A353-D8E51D2ABCB2}.Release|x64.ActiveCfg = Release|Any CPU
		{3C5A9C7A-EA3E-4412-A353-D8E51D2ABCB2}.Release|x86.ActiveCfg = Release|Any CPU
		{4D9C6A57-F4A1-4733-8883-E16B72CB5EB8}.Debug|Any CPU.ActiveCfg = Debug|Any CPU
		{4D9C6A57-F4A1-4733-8883-E16B72CB5EB8}.Debug|Any CPU.Build.0 = Debug|Any CPU
		{4D9C6A57-F4A1-4733-8883-E16B72CB5EB8}.Debug|x64.ActiveCfg = Debug|Any CPU
		{4D9C6A57-F4A1-4733-8883-E16B72CB5EB8}.Debug|x64.Build.0 = Debug|Any CPU
		{4D9C6A57-F4A1-4733-8883-E16B72CB5EB8}.Debug|x86.ActiveCfg = Debug|Any CPU
		{4D9C6A57-F4A1-4733-8883-E16B72CB5EB8}.Debug|x86.Build.0 = Debug|Any CPU
		{4D9C6A57-F4A1-4733-8883-E16B72CB5EB8}.Release|Any CPU.ActiveCfg = Release|Any CPU
		{4D9C6A57-F4A1-4733-8883-E16B72CB5EB8}.Release|Any CPU.Build.0 = Release|Any CPU
		{4D9C6A57-F4A1-4733-8883-E16B72CB5EB8}.Release|x64.ActiveCfg = Release|Any CPU
		{4D9C6A57-F4A1-4733-8883-E16B72CB5EB8}.Release|x64.Build.0 = Release|Any CPU
		{4D9C6A57-F4A1-4733-8883-E16B72CB5EB8}.Release|x86.ActiveCfg = Release|Any CPU
		{4D9C6A57-F4A1-4733-8883-E16B72CB5EB8}.Release|x86.Build.0 = Release|Any CPU
		{CCF6813B-1610-4859-9C4A-33DDD66D7525}.Debug|Any CPU.ActiveCfg = Debug|Any CPU
		{CCF6813B-1610-4859-9C4A-33DDD66D7525}.Debug|Any CPU.Build.0 = Debug|Any CPU
		{CCF6813B-1610-4859-9C4A-33DDD66D7525}.Debug|x64.ActiveCfg = Debug|Any CPU
		{CCF6813B-1610-4859-9C4A-33DDD66D7525}.Debug|x64.Build.0 = Debug|Any CPU
		{CCF6813B-1610-4859-9C4A-33DDD66D7525}.Debug|x86.ActiveCfg = Debug|Any CPU
		{CCF6813B-1610-4859-9C4A-33DDD66D7525}.Debug|x86.Build.0 = Debug|Any CPU
		{CCF6813B-1610-4859-9C4A-33DDD66D7525}.Release|Any CPU.ActiveCfg = Release|Any CPU
		{CCF6813B-1610-4859-9C4A-33DDD66D7525}.Release|Any CPU.Build.0 = Release|Any CPU
		{CCF6813B-1610-4859-9C4A-33DDD66D7525}.Release|x64.ActiveCfg = Release|Any CPU
		{CCF6813B-1610-4859-9C4A-33DDD66D7525}.Release|x64.Build.0 = Release|Any CPU
		{CCF6813B-1610-4859-9C4A-33DDD66D7525}.Release|x86.ActiveCfg = Release|Any CPU
		{CCF6813B-1610-4859-9C4A-33DDD66D7525}.Release|x86.Build.0 = Release|Any CPU
		{160DE648-15A0-4DFE-9E4F-A8610F970480}.Debug|Any CPU.ActiveCfg = Debug|Any CPU
		{160DE648-15A0-4DFE-9E4F-A8610F970480}.Debug|Any CPU.Build.0 = Debug|Any CPU
		{160DE648-15A0-4DFE-9E4F-A8610F970480}.Debug|x64.ActiveCfg = Debug|Any CPU
		{160DE648-15A0-4DFE-9E4F-A8610F970480}.Debug|x64.Build.0 = Debug|Any CPU
		{160DE648-15A0-4DFE-9E4F-A8610F970480}.Debug|x86.ActiveCfg = Debug|Any CPU
		{160DE648-15A0-4DFE-9E4F-A8610F970480}.Debug|x86.Build.0 = Debug|Any CPU
		{160DE648-15A0-4DFE-9E4F-A8610F970480}.Release|Any CPU.ActiveCfg = Release|Any CPU
		{160DE648-15A0-4DFE-9E4F-A8610F970480}.Release|Any CPU.Build.0 = Release|Any CPU
		{160DE648-15A0-4DFE-9E4F-A8610F970480}.Release|x64.ActiveCfg = Release|Any CPU
		{160DE648-15A0-4DFE-9E4F-A8610F970480}.Release|x64.Build.0 = Release|Any CPU
		{160DE648-15A0-4DFE-9E4F-A8610F970480}.Release|x86.ActiveCfg = Release|Any CPU
		{160DE648-15A0-4DFE-9E4F-A8610F970480}.Release|x86.Build.0 = Release|Any CPU
	EndGlobalSection
	GlobalSection(SolutionProperties) = preSolution
		HideSolutionNode = FALSE
	EndGlobalSection
	GlobalSection(ExtensibilityGlobals) = postSolution
		SolutionGuid = {064772D7-6029-41DC-9B98-362DFC149423}
	EndGlobalSection
EndGlobal
