
Microsoft Visual Studio Solution File, Format Version 12.00
# Visual Studio Version 16
VisualStudioVersion = 16.0.31019.35
MinimumVisualStudioVersion = 10.0.40219.1
Project("{FAE04EC0-301F-11D3-BF4B-00C04F79EFBC}") = "BaiTap1", "BaiTap1.csproj", "{AB5D6DAD-EB5D-40D1-B687-4F54243661C9}"
EndProject
Global
	GlobalSection(SolutionConfigurationPlatforms) = preSolution
		Debug|Any CPU = Debug|Any CPU
		Release|Any CPU = Release|Any CPU
	EndGlobalSection
	GlobalSection(ProjectConfigurationPlatforms) = postSolution
		{AB5D6DAD-EB5D-40D1-B687-4F54243661C9}.Debug|Any CPU.ActiveCfg = Debug|Any CPU
		{AB5D6DAD-EB5D-40D1-B687-4F54243661C9}.Debug|Any CPU.Build.0 = Debug|Any CPU
		{AB5D6DAD-EB5D-40D1-B687-4F54243661C9}.Release|Any CPU.ActiveCfg = Release|Any CPU
		{AB5D6DAD-EB5D-40D1-B687-4F54243661C9}.Release|Any CPU.Build.0 = Release|Any CPU
	EndGlobalSection
	GlobalSection(SolutionProperties) = preSolution
		HideSolutionNode = FALSE
	EndGlobalSection
	GlobalSection(ExtensibilityGlobals) = postSolution
		SolutionGuid = {024FDA6C-FFB5-43DB-8889-30AEA11734EA}
	EndGlobalSection
EndGlobal
