
Microsoft Visual Studio Solution File, Format Version 12.00
# Visual Studio Version 16
VisualStudioVersion = 16.0.31019.35
MinimumVisualStudioVersion = 10.0.40219.1
Project("{9A19103F-16F7-4668-BE54-9A1E7A4F7556}") = "CheckCredit", "Bai1\CheckCredit.csproj", "{08BB1CF8-F47A-413E-85AE-82F56A591D69}"
EndProject
Project("{9A19103F-16F7-4668-BE54-9A1E7A4F7556}") = "Twitter", "Bai2\Twitter.csproj", "{F6F35D58-E530-4952-A387-F7B3F6D7C361}"
EndProject
Project("{9A19103F-16F7-4668-BE54-9A1E7A4F7556}") = "Admission", "Bai3\Admission.csproj", "{8C1318A8-739D-494E-B1F9-E2BDA29B766E}"
EndProject
Project("{9A19103F-16F7-4668-BE54-9A1E7A4F7556}") = "Hurricane", "Bai4\Hurricane.csproj", "{C978BEC2-2FD7-4ADF-85CE-DF30473B4435}"
EndProject
Project("{FAE04EC0-301F-11D3-BF4B-00C04F79EFBC}") = "CheckMonth", "Bai5\CheckMonth.csproj", "{3F92EDC4-15D3-4B47-803D-5EC2344CAD03}"
EndProject
Global
	GlobalSection(SolutionConfigurationPlatforms) = preSolution
		Debug|Any CPU = Debug|Any CPU
		Release|Any CPU = Release|Any CPU
	EndGlobalSection
	GlobalSection(ProjectConfigurationPlatforms) = postSolution
		{08BB1CF8-F47A-413E-85AE-82F56A591D69}.Debug|Any CPU.ActiveCfg = Debug|Any CPU
		{08BB1CF8-F47A-413E-85AE-82F56A591D69}.Debug|Any CPU.Build.0 = Debug|Any CPU
		{08BB1CF8-F47A-413E-85AE-82F56A591D69}.Release|Any CPU.ActiveCfg = Release|Any CPU
		{08BB1CF8-F47A-413E-85AE-82F56A591D69}.Release|Any CPU.Build.0 = Release|Any CPU
		{F6F35D58-E530-4952-A387-F7B3F6D7C361}.Debug|Any CPU.ActiveCfg = Debug|Any CPU
		{F6F35D58-E530-4952-A387-F7B3F6D7C361}.Debug|Any CPU.Build.0 = Debug|Any CPU
		{F6F35D58-E530-4952-A387-F7B3F6D7C361}.Release|Any CPU.ActiveCfg = Release|Any CPU
		{F6F35D58-E530-4952-A387-F7B3F6D7C361}.Release|Any CPU.Build.0 = Release|Any CPU
		{8C1318A8-739D-494E-B1F9-E2BDA29B766E}.Debug|Any CPU.ActiveCfg = Debug|Any CPU
		{8C1318A8-739D-494E-B1F9-E2BDA29B766E}.Debug|Any CPU.Build.0 = Debug|Any CPU
		{8C1318A8-739D-494E-B1F9-E2BDA29B766E}.Release|Any CPU.ActiveCfg = Release|Any CPU
		{8C1318A8-739D-494E-B1F9-E2BDA29B766E}.Release|Any CPU.Build.0 = Release|Any CPU
		{C978BEC2-2FD7-4ADF-85CE-DF30473B4435}.Debug|Any CPU.ActiveCfg = Debug|Any CPU
		{C978BEC2-2FD7-4ADF-85CE-DF30473B4435}.Debug|Any CPU.Build.0 = Debug|Any CPU
		{C978BEC2-2FD7-4ADF-85CE-DF30473B4435}.Release|Any CPU.ActiveCfg = Release|Any CPU
		{C978BEC2-2FD7-4ADF-85CE-DF30473B4435}.Release|Any CPU.Build.0 = Release|Any CPU
		{3F92EDC4-15D3-4B47-803D-5EC2344CAD03}.Debug|Any CPU.ActiveCfg = Debug|Any CPU
		{3F92EDC4-15D3-4B47-803D-5EC2344CAD03}.Debug|Any CPU.Build.0 = Debug|Any CPU
		{3F92EDC4-15D3-4B47-803D-5EC2344CAD03}.Release|Any CPU.ActiveCfg = Release|Any CPU
		{3F92EDC4-15D3-4B47-803D-5EC2344CAD03}.Release|Any CPU.Build.0 = Release|Any CPU
	EndGlobalSection
	GlobalSection(SolutionProperties) = preSolution
		HideSolutionNode = FALSE
	EndGlobalSection
	GlobalSection(ExtensibilityGlobals) = postSolution
		SolutionGuid = {B1F5C940-06DA-4EA3-9CD0-4CD6A46EA153}
	EndGlobalSection
EndGlobal
