
Microsoft Visual Studio Solution File, Format Version 12.00
# Visual Studio Version 16
VisualStudioVersion = 16.0.31019.35
MinimumVisualStudioVersion = 10.0.40219.1
Project("{FAE04EC0-301F-11D3-BF4B-00C04F79EFBC}") = "Bai1", "Bai1\Bai1.csproj", "{A1BACA56-2403-4C98-9A3A-F907173E3124}"
EndProject
Global
	GlobalSection(SolutionConfigurationPlatforms) = preSolution
		Debug|Any CPU = Debug|Any CPU
		Release|Any CPU = Release|Any CPU
	EndGlobalSection
	GlobalSection(ProjectConfigurationPlatforms) = postSolution
		{A1BACA56-2403-4C98-9A3A-F907173E3124}.Debug|Any CPU.ActiveCfg = Debug|Any CPU
		{A1BACA56-2403-4C98-9A3A-F907173E3124}.Debug|Any CPU.Build.0 = Debug|Any CPU
		{A1BACA56-2403-4C98-9A3A-F907173E3124}.Release|Any CPU.ActiveCfg = Release|Any CPU
		{A1BACA56-2403-4C98-9A3A-F907173E3124}.Release|Any CPU.Build.0 = Release|Any CPU
	EndGlobalSection
	GlobalSection(SolutionProperties) = preSolution
		HideSolutionNode = FALSE
	EndGlobalSection
	GlobalSection(ExtensibilityGlobals) = postSolution
		SolutionGuid = {B32B5B32-B03A-4B46-9A29-A9EC36924CCA}
	EndGlobalSection
EndGlobal
